// !$*UTF8*$!
{
	archiveVersion = 1;
	classes = {
	};
	objectVersion = 56;
	objects = {

/* Begin PBXBuildFile section */
		DD5DD18A2BC8307E00C40EEF /* TabletComputingTestsApp.swift in Sources */ = {isa = PBXBuildFile; fileRef = DD5DD1892BC8307E00C40EEF /* TabletComputingTestsApp.swift */; };
		DD5DD18E2BC8308000C40EEF /* Assets.xcassets in Resources */ = {isa = PBXBuildFile; fileRef = DD5DD18D2BC8308000C40EEF /* Assets.xcassets */; };
		DD5DD1912BC8308000C40EEF /* Preview Assets.xcassets in Resources */ = {isa = PBXBuildFile; fileRef = DD5DD1902BC8308000C40EEF /* Preview Assets.xcassets */; };
		DD5DD19B2BC8308000C40EEF /* TabletComputingTestsTests.swift in Sources */ = {isa = PBXBuildFile; fileRef = DD5DD19A2BC8308000C40EEF /* TabletComputingTestsTests.swift */; };
		DD5DD1A52BC8308000C40EEF /* TabletComputingTestsUITests.swift in Sources */ = {isa = PBXBuildFile; fileRef = DD5DD1A42BC8308000C40EEF /* TabletComputingTestsUITests.swift */; };
		DD5DD1A72BC8308000C40EEF /* TabletComputingTestsUITestsLaunchTests.swift in Sources */ = {isa = PBXBuildFile; fileRef = DD5DD1A62BC8308000C40EEF /* TabletComputingTestsUITestsLaunchTests.swift */; };
		DD5DD1BC2BC830C600C40EEF /* BasicCounter.swift in Sources */ = {isa = PBXBuildFile; fileRef = DD5DD1BB2BC830C600C40EEF /* BasicCounter.swift */; };
		DD5DD1BD2BC830C600C40EEF /* ColorButtons1.swift in Sources */ = {isa = PBXBuildFile; fileRef = DD5DD1B92BC830C600C40EEF /* ColorButtons1.swift */; };
		DD5DD1BE2BC830C600C40EEF /* ColorButtons2.swift in Sources */ = {isa = PBXBuildFile; fileRef = DD5DD1BA2BC830C600C40EEF /* ColorButtons2.swift */; };
/* End PBXBuildFile section */

/* Begin PBXContainerItemProxy section */
		DD5DD1972BC8308000C40EEF /* PBXContainerItemProxy */ = {
			isa = PBXContainerItemProxy;
			containerPortal = DD5DD17E2BC8307E00C40EEF /* Project object */;
			proxyType = 1;
			remoteGlobalIDString = DD5DD1852BC8307E00C40EEF;
			remoteInfo = TabletComputingTests;
		};
		DD5DD1A12BC8308000C40EEF /* PBXContainerItemProxy */ = {
			isa = PBXContainerItemProxy;
			containerPortal = DD5DD17E2BC8307E00C40EEF /* Project object */;
			proxyType = 1;
			remoteGlobalIDString = DD5DD1852BC8307E00C40EEF;
			remoteInfo = TabletComputingTests;
		};
/* End PBXContainerItemProxy section */

/* Begin PBXFileReference section */
		DD5DD1862BC8307E00C40EEF /* TabletComputingTests.app */ = {isa = PBXFileReference; explicitFileType = wrapper.application; includeInIndex = 0; path = TabletComputingTests.app; sourceTree = BUILT_PRODUCTS_DIR; };
		DD5DD1892BC8307E00C40EEF /* TabletComputingTestsApp.swift */ = {isa = PBXFileReference; lastKnownFileType = sourcecode.swift; path = TabletComputingTestsApp.swift; sourceTree = "<group>"; };
		DD5DD18D2BC8308000C40EEF /* Assets.xcassets */ = {isa = PBXFileReference; lastKnownFileType = folder.assetcatalog; path = Assets.xcassets; sourceTree = "<group>"; };
		DD5DD1902BC8308000C40EEF /* Preview Assets.xcassets */ = {isa = PBXFileReference; lastKnownFileType = folder.assetcatalog; path = "Preview Assets.xcassets"; sourceTree = "<group>"; };
		DD5DD1962BC8308000C40EEF /* TabletComputingTestsTests.xctest */ = {isa = PBXFileReference; explicitFileType = wrapper.cfbundle; includeInIndex = 0; path = TabletComputingTestsTests.xctest; sourceTree = BUILT_PRODUCTS_DIR; };
		DD5DD19A2BC8308000C40EEF /* TabletComputingTestsTests.swift */ = {isa = PBXFileReference; lastKnownFileType = sourcecode.swift; path = TabletComputingTestsTests.swift; sourceTree = "<group>"; };
		DD5DD1A02BC8308000C40EEF /* TabletComputingTestsUITests.xctest */ = {isa = PBXFileReference; explicitFileType = wrapper.cfbundle; includeInIndex = 0; path = TabletComputingTestsUITests.xctest; sourceTree = BUILT_PRODUCTS_DIR; };
		DD5DD1A42BC8308000C40EEF /* TabletComputingTestsUITests.swift */ = {isa = PBXFileReference; lastKnownFileType = sourcecode.swift; path = TabletComputingTestsUITests.swift; sourceTree = "<group>"; };
		DD5DD1A62BC8308000C40EEF /* TabletComputingTestsUITestsLaunchTests.swift */ = {isa = PBXFileReference; lastKnownFileType = sourcecode.swift; path = TabletComputingTestsUITestsLaunchTests.swift; sourceTree = "<group>"; };
		DD5DD1B92BC830C600C40EEF /* ColorButtons1.swift */ = {isa = PBXFileReference; lastKnownFileType = sourcecode.swift; path = ColorButtons1.swift; sourceTree = "<group>"; };
		DD5DD1BA2BC830C600C40EEF /* ColorButtons2.swift */ = {isa = PBXFileReference; lastKnownFileType = sourcecode.swift; path = ColorButtons2.swift; sourceTree = "<group>"; };
		DD5DD1BB2BC830C600C40EEF /* BasicCounter.swift */ = {isa = PBXFileReference; lastKnownFileType = sourcecode.swift; path = BasicCounter.swift; sourceTree = "<group>"; };
/* End PBXFileReference section */

/* Begin PBXFrameworksBuildPhase section */
		DD5DD1832BC8307E00C40EEF /* Frameworks */ = {
			isa = PBXFrameworksBuildPhase;
			buildActionMask = 2147483647;
			files = (
			);
			runOnlyForDeploymentPostprocessing = 0;
		};
		DD5DD1932BC8308000C40EEF /* Frameworks */ = {
			isa = PBXFrameworksBuildPhase;
			buildActionMask = 2147483647;
			files = (
			);
			runOnlyForDeploymentPostprocessing = 0;
		};
		DD5DD19D2BC8308000C40EEF /* Frameworks */ = {
			isa = PBXFrameworksBuildPhase;
			buildActionMask = 2147483647;
			files = (
			);
			runOnlyForDeploymentPostprocessing = 0;
		};
/* End PBXFrameworksBuildPhase section */

/* Begin PBXGroup section */
		DD5DD17D2BC8307E00C40EEF = {
			isa = PBXGroup;
			children = (
				DD5DD1882BC8307E00C40EEF /* TabletComputingTests */,
				DD5DD1992BC8308000C40EEF /* TabletComputingTestsTests */,
				DD5DD1A32BC8308000C40EEF /* TabletComputingTestsUITests */,
				DD5DD1872BC8307E00C40EEF /* Products */,
			);
			sourceTree = "<group>";
		};
		DD5DD1872BC8307E00C40EEF /* Products */ = {
			isa = PBXGroup;
			children = (
				DD5DD1862BC8307E00C40EEF /* TabletComputingTests.app */,
				DD5DD1962BC8308000C40EEF /* TabletComputingTestsTests.xctest */,
				DD5DD1A02BC8308000C40EEF /* TabletComputingTestsUITests.xctest */,
			);
			name = Products;
			sourceTree = "<group>";
		};
		DD5DD1882BC8307E00C40EEF /* TabletComputingTests */ = {
			isa = PBXGroup;
			children = (
				DD5DD1BB2BC830C600C40EEF /* BasicCounter.swift */,
				DD5DD1B92BC830C600C40EEF /* ColorButtons1.swift */,
				DD5DD1BA2BC830C600C40EEF /* ColorButtons2.swift */,
				DD5DD1892BC8307E00C40EEF /* TabletComputingTestsApp.swift */,
				DD5DD18D2BC8308000C40EEF /* Assets.xcassets */,
				DD5DD18F2BC8308000C40EEF /* Preview Content */,
			);
			path = TabletComputingTests;
			sourceTree = "<group>";
		};
		DD5DD18F2BC8308000C40EEF /* Preview Content */ = {
			isa = PBXGroup;
			children = (
				DD5DD1902BC8308000C40EEF /* Preview Assets.xcassets */,
			);
			path = "Preview Content";
			sourceTree = "<group>";
		};
		DD5DD1992BC8308000C40EEF /* TabletComputingTestsTests */ = {
			isa = PBXGroup;
			children = (
				DD5DD19A2BC8308000C40EEF /* TabletComputingTestsTests.swift */,
			);
			path = TabletComputingTestsTests;
			sourceTree = "<group>";
		};
		DD5DD1A32BC8308000C40EEF /* TabletComputingTestsUITests */ = {
			isa = PBXGroup;
			children = (
				DD5DD1A42BC8308000C40EEF /* TabletComputingTestsUITests.swift */,
				DD5DD1A62BC8308000C40EEF /* TabletComputingTestsUITestsLaunchTests.swift */,
			);
			path = TabletComputingTestsUITests;
			sourceTree = "<group>";
		};
/* End PBXGroup section */

/* Begin PBXNativeTarget section */
		DD5DD1852BC8307E00C40EEF /* TabletComputingTests */ = {
			isa = PBXNativeTarget;
			buildConfigurationList = DD5DD1AA2BC8308000C40EEF /* Build configuration list for PBXNativeTarget "TabletComputingTests" */;
			buildPhases = (
				DD5DD1822BC8307E00C40EEF /* Sources */,
				DD5DD1832BC8307E00C40EEF /* Frameworks */,
				DD5DD1842BC8307E00C40EEF /* Resources */,
			);
			buildRules = (
			);
			dependencies = (
			);
			name = TabletComputingTests;
			productName = TabletComputingTests;
			productReference = DD5DD1862BC8307E00C40EEF /* TabletComputingTests.app */;
			productType = "com.apple.product-type.application";
		};
		DD5DD1952BC8308000C40EEF /* TabletComputingTestsTests */ = {
			isa = PBXNativeTarget;
			buildConfigurationList = DD5DD1AD2BC8308000C40EEF /* Build configuration list for PBXNativeTarget "TabletComputingTestsTests" */;
			buildPhases = (
				DD5DD1922BC8308000C40EEF /* Sources */,
				DD5DD1932BC8308000C40EEF /* Frameworks */,
				DD5DD1942BC8308000C40EEF /* Resources */,
			);
			buildRules = (
			);
			dependencies = (
				DD5DD1982BC8308000C40EEF /* PBXTargetDependency */,
			);
			name = TabletComputingTestsTests;
			productName = TabletComputingTestsTests;
			productReference = DD5DD1962BC8308000C40EEF /* TabletComputingTestsTests.xctest */;
			productType = "com.apple.product-type.bundle.unit-test";
		};
		DD5DD19F2BC8308000C40EEF /* TabletComputingTestsUITests */ = {
			isa = PBXNativeTarget;
			buildConfigurationList = DD5DD1B02BC8308000C40EEF /* Build configuration list for PBXNativeTarget "TabletComputingTestsUITests" */;
			buildPhases = (
				DD5DD19C2BC8308000C40EEF /* Sources */,
				DD5DD19D2BC8308000C40EEF /* Frameworks */,
				DD5DD19E2BC8308000C40EEF /* Resources */,
			);
			buildRules = (
			);
			dependencies = (
				DD5DD1A22BC8308000C40EEF /* PBXTargetDependency */,
			);
			name = TabletComputingTestsUITests;
			productName = TabletComputingTestsUITests;
			productReference = DD5DD1A02BC8308000C40EEF /* TabletComputingTestsUITests.xctest */;
			productType = "com.apple.product-type.bundle.ui-testing";
		};
/* End PBXNativeTarget section */

/* Begin PBXProject section */
		DD5DD17E2BC8307E00C40EEF /* Project object */ = {
			isa = PBXProject;
			attributes = {
				BuildIndependentTargetsInParallel = 1;
				LastSwiftUpdateCheck = 1520;
				LastUpgradeCheck = 1520;
				TargetAttributes = {
					DD5DD1852BC8307E00C40EEF = {
						CreatedOnToolsVersion = 15.2;
					};
					DD5DD1952BC8308000C40EEF = {
						CreatedOnToolsVersion = 15.2;
						TestTargetID = DD5DD1852BC8307E00C40EEF;
					};
					DD5DD19F2BC8308000C40EEF = {
						CreatedOnToolsVersion = 15.2;
						TestTargetID = DD5DD1852BC8307E00C40EEF;
					};
				};
			};
			buildConfigurationList = DD5DD1812BC8307E00C40EEF /* Build configuration list for PBXProject "TabletComputingTests" */;
			compatibilityVersion = "Xcode 14.0";
			developmentRegion = en;
			hasScannedForEncodings = 0;
			knownRegions = (
				en,
				Base,
			);
			mainGroup = DD5DD17D2BC8307E00C40EEF;
			productRefGroup = DD5DD1872BC8307E00C40EEF /* Products */;
			projectDirPath = "";
			projectRoot = "";
			targets = (
				DD5DD1852BC8307E00C40EEF /* TabletComputingTests */,
				DD5DD1952BC8308000C40EEF /* TabletComputingTestsTests */,
				DD5DD19F2BC8308000C40EEF /* TabletComputingTestsUITests */,
			);
		};
/* End PBXProject section */

/* Begin PBXResourcesBuildPhase section */
		DD5DD1842BC8307E00C40EEF /* Resources */ = {
			isa = PBXResourcesBuildPhase;
			buildActionMask = 2147483647;
			files = (
				DD5DD1912BC8308000C40EEF /* Preview Assets.xcassets in Resources */,
				DD5DD18E2BC8308000C40EEF /* Assets.xcassets in Resources */,
			);
			runOnlyForDeploymentPostprocessing = 0;
		};
		DD5DD1942BC8308000C40EEF /* Resources */ = {
			isa = PBXResourcesBuildPhase;
			buildActionMask = 2147483647;
			files = (
			);
			runOnlyForDeploymentPostprocessing = 0;
		};
		DD5DD19E2BC8308000C40EEF /* Resources */ = {
			isa = PBXResourcesBuildPhase;
			buildActionMask = 2147483647;
			files = (
			);
			runOnlyForDeploymentPostprocessing = 0;
		};
/* End PBXResourcesBuildPhase section */

/* Begin PBXSourcesBuildPhase section */
		DD5DD1822BC8307E00C40EEF /* Sources */ = {
			isa = PBXSourcesBuildPhase;
			buildActionMask = 2147483647;
			files = (
				DD5DD18A2BC8307E00C40EEF /* TabletComputingTestsApp.swift in Sources */,
				DD5DD1BC2BC830C600C40EEF /* BasicCounter.swift in Sources */,
				DD5DD1BE2BC830C600C40EEF /* ColorButtons2.swift in Sources */,
				DD5DD1BD2BC830C600C40EEF /* ColorButtons1.swift in Sources */,
			);
			runOnlyForDeploymentPostprocessing = 0;
		};
		DD5DD1922BC8308000C40EEF /* Sources */ = {
			isa = PBXSourcesBuildPhase;
			buildActionMask = 2147483647;
			files = (
				DD5DD19B2BC8308000C40EEF /* TabletComputingTestsTests.swift in Sources */,
			);
			runOnlyForDeploymentPostprocessing = 0;
		};
		DD5DD19C2BC8308000C40EEF /* Sources */ = {
			isa = PBXSourcesBuildPhase;
			buildActionMask = 2147483647;
			files = (
				DD5DD1A52BC8308000C40EEF /* TabletComputingTestsUITests.swift in Sources */,
				DD5DD1A72BC8308000C40EEF /* TabletComputingTestsUITestsLaunchTests.swift in Sources */,
			);
			runOnlyForDeploymentPostprocessing = 0;
		};
/* End PBXSourcesBuildPhase section */

/* Begin PBXTargetDependency section */
		DD5DD1982BC8308000C40EEF /* PBXTargetDependency */ = {
			isa = PBXTargetDependency;
			target = DD5DD1852BC8307E00C40EEF /* TabletComputingTests */;
			targetProxy = DD5DD1972BC8308000C40EEF /* PBXContainerItemProxy */;
		};
		DD5DD1A22BC8308000C40EEF /* PBXTargetDependency */ = {
			isa = PBXTargetDependency;
			target = DD5DD1852BC8307E00C40EEF /* TabletComputingTests */;
			targetProxy = DD5DD1A12BC8308000C40EEF /* PBXContainerItemProxy */;
		};
/* End PBXTargetDependency section */

/* Begin XCBuildConfiguration section */
		DD5DD1A82BC8308000C40EEF /* Debug */ = {
			isa = XCBuildConfiguration;
			buildSettings = {
				ALWAYS_SEARCH_USER_PATHS = NO;
				ASSETCATALOG_COMPILER_GENERATE_SWIFT_ASSET_SYMBOL_EXTENSIONS = YES;
				CLANG_ANALYZER_NONNULL = YES;
				CLANG_ANALYZER_NUMBER_OBJECT_CONVERSION = YES_AGGRESSIVE;
				CLANG_CXX_LANGUAGE_STANDARD = "gnu++20";
				CLANG_ENABLE_MODULES = YES;
				CLANG_ENABLE_OBJC_ARC = YES;
				CLANG_ENABLE_OBJC_WEAK = YES;
				CLANG_WARN_BLOCK_CAPTURE_AUTORELEASING = YES;
				CLANG_WARN_BOOL_CONVERSION = YES;
				CLANG_WARN_COMMA = YES;
				CLANG_WARN_CONSTANT_CONVERSION = YES;
				CLANG_WARN_DEPRECATED_OBJC_IMPLEMENTATIONS = YES;
				CLANG_WARN_DIRECT_OBJC_ISA_USAGE = YES_ERROR;
				CLANG_WARN_DOCUMENTATION_COMMENTS = YES;
				CLANG_WARN_EMPTY_BODY = YES;
				CLANG_WARN_ENUM_CONVERSION = YES;
				CLANG_WARN_INFINITE_RECURSION = YES;
				CLANG_WARN_INT_CONVERSION = YES;
				CLANG_WARN_NON_LITERAL_NULL_CONVERSION = YES;
				CLANG_WARN_OBJC_IMPLICIT_RETAIN_SELF = YES;
				CLANG_WARN_OBJC_LITERAL_CONVERSION = YES;
				CLANG_WARN_OBJC_ROOT_CLASS = YES_ERROR;
				CLANG_WARN_QUOTED_INCLUDE_IN_FRAMEWORK_HEADER = YES;
				CLANG_WARN_RANGE_LOOP_ANALYSIS = YES;
				CLANG_WARN_STRICT_PROTOTYPES = YES;
				CLANG_WARN_SUSPICIOUS_MOVE = YES;
				CLANG_WARN_UNGUARDED_AVAILABILITY = YES_AGGRESSIVE;
				CLANG_WARN_UNREACHABLE_CODE = YES;
				CLANG_WARN__DUPLICATE_METHOD_MATCH = YES;
				COPY_PHASE_STRIP = NO;
				DEBUG_INFORMATION_FORMAT = dwarf;
				ENABLE_STRICT_OBJC_MSGSEND = YES;
				ENABLE_TESTABILITY = YES;
				ENABLE_USER_SCRIPT_SANDBOXING = YES;
				GCC_C_LANGUAGE_STANDARD = gnu17;
				GCC_DYNAMIC_NO_PIC = NO;
				GCC_NO_COMMON_BLOCKS = YES;
				GCC_OPTIMIZATION_LEVEL = 0;
				GCC_PREPROCESSOR_DEFINITIONS = (
					"DEBUG=1",
					"$(inherited)",
				);
				GCC_WARN_64_TO_32_BIT_CONVERSION = YES;
				GCC_WARN_ABOUT_RETURN_TYPE = YES_ERROR;
				GCC_WARN_UNDECLARED_SELECTOR = YES;
				GCC_WARN_UNINITIALIZED_AUTOS = YES_AGGRESSIVE;
				GCC_WARN_UNUSED_FUNCTION = YES;
				GCC_WARN_UNUSED_VARIABLE = YES;
				IPHONEOS_DEPLOYMENT_TARGET = 17.2;
				LOCALIZATION_PREFERS_STRING_CATALOGS = YES;
				MTL_ENABLE_DEBUG_INFO = INCLUDE_SOURCE;
				MTL_FAST_MATH = YES;
				ONLY_ACTIVE_ARCH = YES;
				SDKROOT = iphoneos;
				SWIFT_ACTIVE_COMPILATION_CONDITIONS = "DEBUG $(inherited)";
				SWIFT_OPTIMIZATION_LEVEL = "-Onone";
			};
			name = Debug;
		};
		DD5DD1A92BC8308000C40EEF /* Release */ = {
			isa = XCBuildConfiguration;
			buildSettings = {
				ALWAYS_SEARCH_USER_PATHS = NO;
				ASSETCATALOG_COMPILER_GENERATE_SWIFT_ASSET_SYMBOL_EXTENSIONS = YES;
				CLANG_ANALYZER_NONNULL = YES;
				CLANG_ANALYZER_NUMBER_OBJECT_CONVERSION = YES_AGGRESSIVE;
				CLANG_CXX_LANGUAGE_STANDARD = "gnu++20";
				CLANG_ENABLE_MODULES = YES;
				CLANG_ENABLE_OBJC_ARC = YES;
				CLANG_ENABLE_OBJC_WEAK = YES;
				CLANG_WARN_BLOCK_CAPTURE_AUTORELEASING = YES;
				CLANG_WARN_BOOL_CONVERSION = YES;
				CLANG_WARN_COMMA = YES;
				CLANG_WARN_CONSTANT_CONVERSION = YES;
				CLANG_WARN_DEPRECATED_OBJC_IMPLEMENTATIONS = YES;
				CLANG_WARN_DIRECT_OBJC_ISA_USAGE = YES_ERROR;
				CLANG_WARN_DOCUMENTATION_COMMENTS = YES;
				CLANG_WARN_EMPTY_BODY = YES;
				CLANG_WARN_ENUM_CONVERSION = YES;
				CLANG_WARN_INFINITE_RECURSION = YES;
				CLANG_WARN_INT_CONVERSION = YES;
				CLANG_WARN_NON_LITERAL_NULL_CONVERSION = YES;
				CLANG_WARN_OBJC_IMPLICIT_RETAIN_SELF = YES;
				CLANG_WARN_OBJC_LITERAL_CONVERSION = YES;
				CLANG_WARN_OBJC_ROOT_CLASS = YES_ERROR;
				CLANG_WARN_QUOTED_INCLUDE_IN_FRAMEWORK_HEADER = YES;
				CLANG_WARN_RANGE_LOOP_ANALYSIS = YES;
				CLANG_WARN_STRICT_PROTOTYPES = YES;
				CLANG_WARN_SUSPICIOUS_MOVE = YES;
				CLANG_WARN_UNGUARDED_AVAILABILITY = YES_AGGRESSIVE;
				CLANG_WARN_UNREACHABLE_CODE = YES;
				CLANG_WARN__DUPLICATE_METHOD_MATCH = YES;
				COPY_PHASE_STRIP = NO;
				DEBUG_INFORMATION_FORMAT = "dwarf-with-dsym";
				ENABLE_NS_ASSERTIONS = NO;
				ENABLE_STRICT_OBJC_MSGSEND = YES;
				ENABLE_USER_SCRIPT_SANDBOXING = YES;
				GCC_C_LANGUAGE_STANDARD = gnu17;
				GCC_NO_COMMON_BLOCKS = YES;
				GCC_WARN_64_TO_32_BIT_CONVERSION = YES;
				GCC_WARN_ABOUT_RETURN_TYPE = YES_ERROR;
				GCC_WARN_UNDECLARED_SELECTOR = YES;
				GCC_WARN_UNINITIALIZED_AUTOS = YES_AGGRESSIVE;
				GCC_WARN_UNUSED_FUNCTION = YES;
				GCC_WARN_UNUSED_VARIABLE = YES;
				IPHONEOS_DEPLOYMENT_TARGET = 17.2;
				LOCALIZATION_PREFERS_STRING_CATALOGS = YES;
				MTL_ENABLE_DEBUG_INFO = NO;
				MTL_FAST_MATH = YES;
				SDKROOT = iphoneos;
				SWIFT_COMPILATION_MODE = wholemodule;
				VALIDATE_PRODUCT = YES;
			};
			name = Release;
		};
		DD5DD1AB2BC8308000C40EEF /* Debug */ = {
			isa = XCBuildConfiguration;
			buildSettings = {
				ASSETCATALOG_COMPILER_APPICON_NAME = AppIcon;
				ASSETCATALOG_COMPILER_GLOBAL_ACCENT_COLOR_NAME = AccentColor;
				CODE_SIGN_STYLE = Automatic;
				CURRENT_PROJECT_VERSION = 1;
				DEVELOPMENT_ASSET_PATHS = "\"TabletComputingTests/Preview Content\"";
				DEVELOPMENT_TEAM = 6HG29H3233;
				ENABLE_PREVIEWS = YES;
				GENERATE_INFOPLIST_FILE = YES;
				INFOPLIST_KEY_UIApplicationSceneManifest_Generation = YES;
				INFOPLIST_KEY_UIApplicationSupportsIndirectInputEvents = YES;
				INFOPLIST_KEY_UILaunchScreen_Generation = YES;
				INFOPLIST_KEY_UISupportedInterfaceOrientations_iPad = "UIInterfaceOrientationPortrait UIInterfaceOrientationPortraitUpsideDown UIInterfaceOrientationLandscapeLeft UIInterfaceOrientationLandscapeRight";
				INFOPLIST_KEY_UISupportedInterfaceOrientations_iPhone = "UIInterfaceOrientationPortrait UIInterfaceOrientationLandscapeLeft UIInterfaceOrientationLandscapeRight";
				LD_RUNPATH_SEARCH_PATHS = (
					"$(inherited)",
					"@executable_path/Frameworks",
				);
				MARKETING_VERSION = 1.0;
				PRODUCT_BUNDLE_IDENTIFIER = de.jhoffi.TabletComputingTests;
				PRODUCT_NAME = "$(TARGET_NAME)";
				SWIFT_EMIT_LOC_STRINGS = YES;
				SWIFT_VERSION = 5.0;
				TARGETED_DEVICE_FAMILY = "1,2";
			};
			name = Debug;
		};
		DD5DD1AC2BC8308000C40EEF /* Release */ = {
			isa = XCBuildConfiguration;
			buildSettings = {
				ASSETCATALOG_COMPILER_APPICON_NAME = AppIcon;
				ASSETCATALOG_COMPILER_GLOBAL_ACCENT_COLOR_NAME = AccentColor;
				CODE_SIGN_STYLE = Automatic;
				CURRENT_PROJECT_VERSION = 1;
				DEVELOPMENT_ASSET_PATHS = "\"TabletComputingTests/Preview Content\"";
				DEVELOPMENT_TEAM = 6HG29H3233;
				ENABLE_PREVIEWS = YES;
				GENERATE_INFOPLIST_FILE = YES;
				INFOPLIST_KEY_UIApplicationSceneManifest_Generation = YES;
				INFOPLIST_KEY_UIApplicationSupportsIndirectInputEvents = YES;
				INFOPLIST_KEY_UILaunchScreen_Generation = YES;
				INFOPLIST_KEY_UISupportedInterfaceOrientations_iPad = "UIInterfaceOrientationPortrait UIInterfaceOrientationPortraitUpsideDown UIInterfaceOrientationLandscapeLeft UIInterfaceOrientationLandscapeRight";
				INFOPLIST_KEY_UISupportedInterfaceOrientations_iPhone = "UIInterfaceOrientationPortrait UIInterfaceOrientationLandscapeLeft UIInterfaceOrientationLandscapeRight";
				LD_RUNPATH_SEARCH_PATHS = (
					"$(inherited)",
					"@executable_path/Frameworks",
				);
				MARKETING_VERSION = 1.0;
				PRODUCT_BUNDLE_IDENTIFIER = de.jhoffi.TabletComputingTests;
				PRODUCT_NAME = "$(TARGET_NAME)";
				SWIFT_EMIT_LOC_STRINGS = YES;
				SWIFT_VERSION = 5.0;
				TARGETED_DEVICE_FAMILY = "1,2";
			};
			name = Release;
		};
		DD5DD1AE2BC8308000C40EEF /* Debug */ = {
			isa = XCBuildConfiguration;
			buildSettings = {
				ALWAYS_EMBED_SWIFT_STANDARD_LIBRARIES = YES;
				BUNDLE_LOADER = "$(TEST_HOST)";
				CODE_SIGN_STYLE = Automatic;
				CURRENT_PROJECT_VERSION = 1;
				DEVELOPMENT_TEAM = 6HG29H3233;
				GENERATE_INFOPLIST_FILE = YES;
				IPHONEOS_DEPLOYMENT_TARGET = 17.2;
				MARKETING_VERSION = 1.0;
				PRODUCT_BUNDLE_IDENTIFIER = de.jhoffi.TabletComputingTestsTests;
				PRODUCT_NAME = "$(TARGET_NAME)";
				SWIFT_EMIT_LOC_STRINGS = NO;
				SWIFT_VERSION = 5.0;
				TARGETED_DEVICE_FAMILY = "1,2";
				TEST_HOST = "$(BUILT_PRODUCTS_DIR)/TabletComputingTests.app/$(BUNDLE_EXECUTABLE_FOLDER_PATH)/TabletComputingTests";
			};
			name = Debug;
		};
		DD5DD1AF2BC8308000C40EEF /* Release */ = {
			isa = XCBuildConfiguration;
			buildSettings = {
				ALWAYS_EMBED_SWIFT_STANDARD_LIBRARIES = YES;
				BUNDLE_LOADER = "$(TEST_HOST)";
				CODE_SIGN_STYLE = Automatic;
				CURRENT_PROJECT_VERSION = 1;
				DEVELOPMENT_TEAM = 6HG29H3233;
				GENERATE_INFOPLIST_FILE = YES;
				IPHONEOS_DEPLOYMENT_TARGET = 17.2;
				MARKETING_VERSION = 1.0;
				PRODUCT_BUNDLE_IDENTIFIER = de.jhoffi.TabletComputingTestsTests;
				PRODUCT_NAME = "$(TARGET_NAME)";
				SWIFT_EMIT_LOC_STRINGS = NO;
				SWIFT_VERSION = 5.0;
				TARGETED_DEVICE_FAMILY = "1,2";
				TEST_HOST = "$(BUILT_PRODUCTS_DIR)/TabletComputingTests.app/$(BUNDLE_EXECUTABLE_FOLDER_PATH)/TabletComputingTests";
			};
			name = Release;
		};
		DD5DD1B12BC8308000C40EEF /* Debug */ = {
			isa = XCBuildConfiguration;
			buildSettings = {
				ALWAYS_EMBED_SWIFT_STANDARD_LIBRARIES = YES;
				CODE_SIGN_STYLE = Automatic;
				CURRENT_PROJECT_VERSION = 1;
				DEVELOPMENT_TEAM = 6HG29H3233;
				GENERATE_INFOPLIST_FILE = YES;
				MARKETING_VERSION = 1.0;
				PRODUCT_BUNDLE_IDENTIFIER = de.jhoffi.TabletComputingTestsUITests;
				PRODUCT_NAME = "$(TARGET_NAME)";
				SWIFT_EMIT_LOC_STRINGS = NO;
				SWIFT_VERSION = 5.0;
				TARGETED_DEVICE_FAMILY = "1,2";
				TEST_TARGET_NAME = TabletComputingTests;
			};
			name = Debug;
		};
		DD5DD1B22BC8308000C40EEF /* Release */ = {
			isa = XCBuildConfiguration;
			buildSettings = {
				ALWAYS_EMBED_SWIFT_STANDARD_LIBRARIES = YES;
				CODE_SIGN_STYLE = Automatic;
				CURRENT_PROJECT_VERSION = 1;
				DEVELOPMENT_TEAM = 6HG29H3233;
				GENERATE_INFOPLIST_FILE = YES;
				MARKETING_VERSION = 1.0;
				PRODUCT_BUNDLE_IDENTIFIER = de.jhoffi.TabletComputingTestsUITests;
				PRODUCT_NAME = "$(TARGET_NAME)";
				SWIFT_EMIT_LOC_STRINGS = NO;
				SWIFT_VERSION = 5.0;
				TARGETED_DEVICE_FAMILY = "1,2";
				TEST_TARGET_NAME = TabletComputingTests;
			};
			name = Release;
		};
/* End XCBuildConfiguration section */

/* Begin XCConfigurationList section */
		DD5DD1812BC8307E00C40EEF /* Build configuration list for PBXProject "TabletComputingTests" */ = {
			isa = XCConfigurationList;
			buildConfigurations = (
				DD5DD1A82BC8308000C40EEF /* Debug */,
				DD5DD1A92BC8308000C40EEF /* Release */,
			);
			defaultConfigurationIsVisible = 0;
			defaultConfigurationName = Release;
		};
		DD5DD1AA2BC8308000C40EEF /* Build configuration list for PBXNativeTarget "TabletComputingTests" */ = {
			isa = XCConfigurationList;
			buildConfigurations = (
				DD5DD1AB2BC8308000C40EEF /* Debug */,
				DD5DD1AC2BC8308000C40EEF /* Release */,
			);
			defaultConfigurationIsVisible = 0;
			defaultConfigurationName = Release;
		};
		DD5DD1AD2BC8308000C40EEF /* Build configuration list for PBXNativeTarget "TabletComputingTestsTests" */ = {
			isa = XCConfigurationList;
			buildConfigurations = (
				DD5DD1AE2BC8308000C40EEF /* Debug */,
				DD5DD1AF2BC8308000C40EEF /* Release */,
			);
			defaultConfigurationIsVisible = 0;
			defaultConfigurationName = Release;
		};
		DD5DD1B02BC8308000C40EEF /* Build configuration list for PBXNativeTarget "TabletComputingTestsUITests" */ = {
			isa = XCConfigurationList;
			buildConfigurations = (
				DD5DD1B12BC8308000C40EEF /* Debug */,
				DD5DD1B22BC8308000C40EEF /* Release */,
			);
			defaultConfigurationIsVisible = 0;
			defaultConfigurationName = Release;
		};
/* End XCConfigurationList section */
	};
	rootObject = DD5DD17E2BC8307E00C40EEF /* Project object */;
}
